
Microsoft Visual Studio Solution File, Format Version 12.00
# Visual Studio 14
VisualStudioVersion = 14.0.23107.0
MinimumVisualStudioVersion = 10.0.40219.1
Project("{FAE04EC0-301F-11D3-BF4B-00C04F79EFBC}") = "1.OddOrEvenIntegers", "1.OddOrEvenIntegers\1.OddOrEvenIntegers.csproj", "{B60FC207-A07E-4D04-B86D-1F824CDB626F}"
EndProject
Project("{FAE04EC0-301F-11D3-BF4B-00C04F79EFBC}") = "2.GravitationOnTheMoon", "2.GravitationOnTheMoon\2.GravitationOnTheMoon.csproj", "{11A60492-EA58-4D2D-ADD3-7381D0271647}"
EndProject
Project("{FAE04EC0-301F-11D3-BF4B-00C04F79EFBC}") = "3.Divide7And5", "3.Divide7And5\3.Divide7And5.csproj", "{F2E47E33-6694-4090-8368-CC4B557D9E18}"
EndProject
Project("{FAE04EC0-301F-11D3-BF4B-00C04F79EFBC}") = "4.Rectangles", "4.Rectangles\4.Rectangles.csproj", "{363C9402-4F1C-4392-8F16-92311CE259AD}"
EndProject
Project("{FAE04EC0-301F-11D3-BF4B-00C04F79EFBC}") = "5.ThirdDigitIs7", "5.ThirdDigitIs7\5.ThirdDigitIs7.csproj", "{BFFAB337-F77A-423D-8DAE-ABE2687DC3B9}"
EndProject
Project("{FAE04EC0-301F-11D3-BF4B-00C04F79EFBC}") = "6.FourDigitNumber", "6.FourDigitNumber\6.FourDigitNumber.csproj", "{2D4B4D2C-D480-4F38-8C9E-CED7D2AD6E6B}"
EndProject
Project("{FAE04EC0-301F-11D3-BF4B-00C04F79EFBC}") = "7.PointInACircle", "7.PointInACircle\7.PointInACircle.csproj", "{5AD390F0-FC1B-4BB5-B410-A0772D80A48F}"
EndProject
Project("{FAE04EC0-301F-11D3-BF4B-00C04F79EFBC}") = "8.PrimeNumberCheck", "8.PrimeNumberCheck\8.PrimeNumberCheck.csproj", "{8B2256D1-FB3A-4226-83CE-F3B56122C0B0}"
EndProject
Project("{FAE04EC0-301F-11D3-BF4B-00C04F79EFBC}") = "9.Trapezoids", "9.Trapezoids\9.Trapezoids.csproj", "{5F455B80-9D58-4A63-8E6B-CB840BF1A5BD}"
EndProject
Project("{FAE04EC0-301F-11D3-BF4B-00C04F79EFBC}") = "10.PointInsideCircleOutsideTriangle", "10.PointInsideCircleOutsideTriangle\10.PointInsideCircleOutsideTriangle.csproj", "{8D8406BC-C44E-4D2E-ACB9-29BE96FD217C}"
EndProject
Global
	GlobalSection(SolutionConfigurationPlatforms) = preSolution
		Debug|Any CPU = Debug|Any CPU
		Release|Any CPU = Release|Any CPU
	EndGlobalSection
	GlobalSection(ProjectConfigurationPlatforms) = postSolution
		{B60FC207-A07E-4D04-B86D-1F824CDB626F}.Debug|Any CPU.ActiveCfg = Debug|Any CPU
		{B60FC207-A07E-4D04-B86D-1F824CDB626F}.Debug|Any CPU.Build.0 = Debug|Any CPU
		{B60FC207-A07E-4D04-B86D-1F824CDB626F}.Release|Any CPU.ActiveCfg = Release|Any CPU
		{B60FC207-A07E-4D04-B86D-1F824CDB626F}.Release|Any CPU.Build.0 = Release|Any CPU
		{11A60492-EA58-4D2D-ADD3-7381D0271647}.Debug|Any CPU.ActiveCfg = Debug|Any CPU
		{11A60492-EA58-4D2D-ADD3-7381D0271647}.Debug|Any CPU.Build.0 = Debug|Any CPU
		{11A60492-EA58-4D2D-ADD3-7381D0271647}.Release|Any CPU.ActiveCfg = Release|Any CPU
		{11A60492-EA58-4D2D-ADD3-7381D0271647}.Release|Any CPU.Build.0 = Release|Any CPU
		{F2E47E33-6694-4090-8368-CC4B557D9E18}.Debug|Any CPU.ActiveCfg = Debug|Any CPU
		{F2E47E33-6694-4090-8368-CC4B557D9E18}.Debug|Any CPU.Build.0 = Debug|Any CPU
		{F2E47E33-6694-4090-8368-CC4B557D9E18}.Release|Any CPU.ActiveCfg = Release|Any CPU
		{F2E47E33-6694-4090-8368-CC4B557D9E18}.Release|Any CPU.Build.0 = Release|Any CPU
		{363C9402-4F1C-4392-8F16-92311CE259AD}.Debug|Any CPU.ActiveCfg = Debug|Any CPU
		{363C9402-4F1C-4392-8F16-92311CE259AD}.Debug|Any CPU.Build.0 = Debug|Any CPU
		{363C9402-4F1C-4392-8F16-92311CE259AD}.Release|Any CPU.ActiveCfg = Release|Any CPU
		{363C9402-4F1C-4392-8F16-92311CE259AD}.Release|Any CPU.Build.0 = Release|Any CPU
		{BFFAB337-F77A-423D-8DAE-ABE2687DC3B9}.Debug|Any CPU.ActiveCfg = Debug|Any CPU
		{BFFAB337-F77A-423D-8DAE-ABE2687DC3B9}.Debug|Any CPU.Build.0 = Debug|Any CPU
		{BFFAB337-F77A-423D-8DAE-ABE2687DC3B9}.Release|Any CPU.ActiveCfg = Release|Any CPU
		{BFFAB337-F77A-423D-8DAE-ABE2687DC3B9}.Release|Any CPU.Build.0 = Release|Any CPU
		{2D4B4D2C-D480-4F38-8C9E-CED7D2AD6E6B}.Debug|Any CPU.ActiveCfg = Debug|Any CPU
		{2D4B4D2C-D480-4F38-8C9E-CED7D2AD6E6B}.Debug|Any CPU.Build.0 = Debug|Any CPU
		{2D4B4D2C-D480-4F38-8C9E-CED7D2AD6E6B}.Release|Any CPU.ActiveCfg = Release|Any CPU
		{2D4B4D2C-D480-4F38-8C9E-CED7D2AD6E6B}.Release|Any CPU.Build.0 = Release|Any CPU
		{5AD390F0-FC1B-4BB5-B410-A0772D80A48F}.Debug|Any CPU.ActiveCfg = Debug|Any CPU
		{5AD390F0-FC1B-4BB5-B410-A0772D80A48F}.Debug|Any CPU.Build.0 = Debug|Any CPU
		{5AD390F0-FC1B-4BB5-B410-A0772D80A48F}.Release|Any CPU.ActiveCfg = Release|Any CPU
		{5AD390F0-FC1B-4BB5-B410-A0772D80A48F}.Release|Any CPU.Build.0 = Release|Any CPU
		{8B2256D1-FB3A-4226-83CE-F3B56122C0B0}.Debug|Any CPU.ActiveCfg = Debug|Any CPU
		{8B2256D1-FB3A-4226-83CE-F3B56122C0B0}.Debug|Any CPU.Build.0 = Debug|Any CPU
		{8B2256D1-FB3A-4226-83CE-F3B56122C0B0}.Release|Any CPU.ActiveCfg = Release|Any CPU
		{8B2256D1-FB3A-4226-83CE-F3B56122C0B0}.Release|Any CPU.Build.0 = Release|Any CPU
		{5F455B80-9D58-4A63-8E6B-CB840BF1A5BD}.Debug|Any CPU.ActiveCfg = Debug|Any CPU
		{5F455B80-9D58-4A63-8E6B-CB840BF1A5BD}.Debug|Any CPU.Build.0 = Debug|Any CPU
		{5F455B80-9D58-4A63-8E6B-CB840BF1A5BD}.Release|Any CPU.ActiveCfg = Release|Any CPU
		{5F455B80-9D58-4A63-8E6B-CB840BF1A5BD}.Release|Any CPU.Build.0 = Release|Any CPU
		{8D8406BC-C44E-4D2E-ACB9-29BE96FD217C}.Debug|Any CPU.ActiveCfg = Debug|Any CPU
		{8D8406BC-C44E-4D2E-ACB9-29BE96FD217C}.Debug|Any CPU.Build.0 = Debug|Any CPU
		{8D8406BC-C44E-4D2E-ACB9-29BE96FD217C}.Release|Any CPU.ActiveCfg = Release|Any CPU
		{8D8406BC-C44E-4D2E-ACB9-29BE96FD217C}.Release|Any CPU.Build.0 = Release|Any CPU
	EndGlobalSection
	GlobalSection(SolutionProperties) = preSolution
		HideSolutionNode = FALSE
	EndGlobalSection
EndGlobal
