
Microsoft Visual Studio Solution File, Format Version 12.00
# Visual Studio 14
VisualStudioVersion = 14.0.23107.0
MinimumVisualStudioVersion = 10.0.40219.1
Project("{FAE04EC0-301F-11D3-BF4B-00C04F79EFBC}") = "1.NumbersFrom1ToN", "1.NumbersFrom1ToN\1.NumbersFrom1ToN.csproj", "{FDA4678B-3CFF-45F6-8B9B-F7FA33251632}"
EndProject
Project("{FAE04EC0-301F-11D3-BF4B-00C04F79EFBC}") = "2.NumbersNotDivisibleBy3And7", "2.NumbersNotDivisibleBy3And7\2.NumbersNotDivisibleBy3And7.csproj", "{D69A9F5B-77F9-4805-9F19-57E7E38B1EAF}"
EndProject
Project("{FAE04EC0-301F-11D3-BF4B-00C04F79EFBC}") = "3.MinMaxSumAndAverageOfNNumbers", "3.MinMaxSumAndAverageOfNNumbers\3.MinMaxSumAndAverageOfNNumbers.csproj", "{FAF81864-BE2D-401E-BD29-BAEF0C2307AB}"
EndProject
Project("{FAE04EC0-301F-11D3-BF4B-00C04F79EFBC}") = "4.PrintADeckOf52Cards", "4.PrintADeckOf52Cards\4.PrintADeckOf52Cards.csproj", "{5E82099F-1760-4532-881B-D5BAADDA81D6}"
EndProject
Project("{FAE04EC0-301F-11D3-BF4B-00C04F79EFBC}") = "5.Calculate1", "5.Calculate1\5.Calculate1.csproj", "{24F87D11-A413-462C-BEE5-63F68E96CC8B}"
EndProject
Project("{FAE04EC0-301F-11D3-BF4B-00C04F79EFBC}") = "6.NKFactorial", "6.NKFactorial\6.NKFactorial.csproj", "{1442C32D-4974-4DEF-9E97-760E2FF2605E}"
EndProject
Project("{FAE04EC0-301F-11D3-BF4B-00C04F79EFBC}") = "7.MatrixOfNumbers", "7.MatrixOfNumbers\7.MatrixOfNumbers.csproj", "{BF32F31A-F886-4A49-855D-87BA1098EED3}"
EndProject
Global
	GlobalSection(SolutionConfigurationPlatforms) = preSolution
		Debug|Any CPU = Debug|Any CPU
		Release|Any CPU = Release|Any CPU
	EndGlobalSection
	GlobalSection(ProjectConfigurationPlatforms) = postSolution
		{FDA4678B-3CFF-45F6-8B9B-F7FA33251632}.Debug|Any CPU.ActiveCfg = Debug|Any CPU
		{FDA4678B-3CFF-45F6-8B9B-F7FA33251632}.Debug|Any CPU.Build.0 = Debug|Any CPU
		{FDA4678B-3CFF-45F6-8B9B-F7FA33251632}.Release|Any CPU.ActiveCfg = Release|Any CPU
		{FDA4678B-3CFF-45F6-8B9B-F7FA33251632}.Release|Any CPU.Build.0 = Release|Any CPU
		{D69A9F5B-77F9-4805-9F19-57E7E38B1EAF}.Debug|Any CPU.ActiveCfg = Debug|Any CPU
		{D69A9F5B-77F9-4805-9F19-57E7E38B1EAF}.Debug|Any CPU.Build.0 = Debug|Any CPU
		{D69A9F5B-77F9-4805-9F19-57E7E38B1EAF}.Release|Any CPU.ActiveCfg = Release|Any CPU
		{D69A9F5B-77F9-4805-9F19-57E7E38B1EAF}.Release|Any CPU.Build.0 = Release|Any CPU
		{FAF81864-BE2D-401E-BD29-BAEF0C2307AB}.Debug|Any CPU.ActiveCfg = Debug|Any CPU
		{FAF81864-BE2D-401E-BD29-BAEF0C2307AB}.Debug|Any CPU.Build.0 = Debug|Any CPU
		{FAF81864-BE2D-401E-BD29-BAEF0C2307AB}.Release|Any CPU.ActiveCfg = Release|Any CPU
		{FAF81864-BE2D-401E-BD29-BAEF0C2307AB}.Release|Any CPU.Build.0 = Release|Any CPU
		{5E82099F-1760-4532-881B-D5BAADDA81D6}.Debug|Any CPU.ActiveCfg = Debug|Any CPU
		{5E82099F-1760-4532-881B-D5BAADDA81D6}.Debug|Any CPU.Build.0 = Debug|Any CPU
		{5E82099F-1760-4532-881B-D5BAADDA81D6}.Release|Any CPU.ActiveCfg = Release|Any CPU
		{5E82099F-1760-4532-881B-D5BAADDA81D6}.Release|Any CPU.Build.0 = Release|Any CPU
		{24F87D11-A413-462C-BEE5-63F68E96CC8B}.Debug|Any CPU.ActiveCfg = Debug|Any CPU
		{24F87D11-A413-462C-BEE5-63F68E96CC8B}.Debug|Any CPU.Build.0 = Debug|Any CPU
		{24F87D11-A413-462C-BEE5-63F68E96CC8B}.Release|Any CPU.ActiveCfg = Release|Any CPU
		{24F87D11-A413-462C-BEE5-63F68E96CC8B}.Release|Any CPU.Build.0 = Release|Any CPU
		{1442C32D-4974-4DEF-9E97-760E2FF2605E}.Debug|Any CPU.ActiveCfg = Debug|Any CPU
		{1442C32D-4974-4DEF-9E97-760E2FF2605E}.Debug|Any CPU.Build.0 = Debug|Any CPU
		{1442C32D-4974-4DEF-9E97-760E2FF2605E}.Release|Any CPU.ActiveCfg = Release|Any CPU
		{1442C32D-4974-4DEF-9E97-760E2FF2605E}.Release|Any CPU.Build.0 = Release|Any CPU
		{BF32F31A-F886-4A49-855D-87BA1098EED3}.Debug|Any CPU.ActiveCfg = Debug|Any CPU
		{BF32F31A-F886-4A49-855D-87BA1098EED3}.Debug|Any CPU.Build.0 = Debug|Any CPU
		{BF32F31A-F886-4A49-855D-87BA1098EED3}.Release|Any CPU.ActiveCfg = Release|Any CPU
		{BF32F31A-F886-4A49-855D-87BA1098EED3}.Release|Any CPU.Build.0 = Release|Any CPU
	EndGlobalSection
	GlobalSection(SolutionProperties) = preSolution
		HideSolutionNode = FALSE
	EndGlobalSection
EndGlobal
